
Microsoft Visual Studio Solution File, Format Version 12.00
# Visual Studio Version 17
VisualStudioVersion = 17.11.35303.130
MinimumVisualStudioVersion = 10.0.40219.1
Project("{FAE04EC0-301F-11D3-BF4B-00C04F79EFBC}") = "Homework5", "Homework5\Homework5.csproj", "{0EF3B605-EDB8-4E9E-8D53-7DE64A43BFDE}"
EndProject
Global
	GlobalSection(SolutionConfigurationPlatforms) = preSolution
		Debug|Any CPU = Debug|Any CPU
		Release|Any CPU = Release|Any CPU
	EndGlobalSection
	GlobalSection(ProjectConfigurationPlatforms) = postSolution
		{0EF3B605-EDB8-4E9E-8D53-7DE64A43BFDE}.Debug|Any CPU.ActiveCfg = Debug|Any CPU
		{0EF3B605-EDB8-4E9E-8D53-7DE64A43BFDE}.Debug|Any CPU.Build.0 = Debug|Any CPU
		{0EF3B605-EDB8-4E9E-8D53-7DE64A43BFDE}.Release|Any CPU.ActiveCfg = Release|Any CPU
		{0EF3B605-EDB8-4E9E-8D53-7DE64A43BFDE}.Release|Any CPU.Build.0 = Release|Any CPU
	EndGlobalSection
	GlobalSection(SolutionProperties) = preSolution
		HideSolutionNode = FALSE
	EndGlobalSection
	GlobalSection(ExtensibilityGlobals) = postSolution
		SolutionGuid = {BE84FF5C-F053-44B2-BB38-0F62EDD2CA02}
	EndGlobalSection
EndGlobal
